{
	"requires": true,
	"lockfileVersion": 1,
	"dependencies": {
		"@babel/runtime": {
			"version": "7.5.5",
			"resolved": "https://registry.npmjs.org/@babel/runtime/-/runtime-7.5.5.tgz",
			"integrity": "sha512-28QvEGyQyNkB0/m2B4FU7IEZGK2NUrcMtT6BZEFALTguLk+AUT6ofsHtPk5QyjAdUkpMJ+/Em+quwz4HOt30AQ==",
			"requires": {
				"regenerator-runtime": "^0.13.2"
			}
		},
		"@framer/colebemis.feather-icons": {
			"version": "1.2.0",
			"requires": {
				"@types/react": "^16.0.31",
				"framer": "^0.1.8",
				"react": "^16.3.0",
				"react-dom": "^16.3.0"
			},
			"dependencies": {
				"@types/react": {
					"version": "16.8.23",
					"resolved": "https://registry.npmjs.org/@types/react/-/react-16.8.23.tgz",
					"integrity": "sha512-abkEOIeljniUN9qB5onp++g0EY38h7atnDHxwKUFz1r3VH1+yG1OKi2sNPTyObL40goBmfKFpdii2lEzwLX1cA==",
					"requires": {
						"@types/prop-types": "*",
						"csstype": "^2.2.0"
					},
					"dependencies": {
						"@types/prop-types": {
							"version": "15.7.0",
							"resolved": "https://registry.npmjs.org/@types/prop-types/-/prop-types-15.7.0.tgz",
							"integrity": "sha512-eItQyV43bj4rR3JPV0Skpl1SncRCdziTEK9/v8VwXmV6d/qOUO8/EuWeHBbCZcsfSHfzI5UyMJLCSXtxxznyZg=="
						},
						"csstype": {
							"version": "2.6.1",
							"resolved": "https://registry.npmjs.org/csstype/-/csstype-2.6.1.tgz",
							"integrity": "sha512-wv7IRqCGsL7WGKB8gPvrl+++HlFM9kxAM6jL1EXNPNTshEJYilMkbfS2SnuHha77uosp/YVK0wAp2jmlBzn1tg=="
						}
					}
				},
				"framer": {
					"version": "0.1.34",
					"resolved": "https://registry.npmjs.org/framer/-/framer-0.1.34.tgz",
					"integrity": "sha512-Poq2HYpRtsndDLvjyLfdAiNttrIsap79b0cnUOqu/DcorXkfv47Dg8cLrWxiwM6o6Sym0tg6P7u4J7O80QmS/g==",
					"requires": {
						"draft-js": "0.10.4",
						"eventemitter3": "^3.1.0",
						"hsluv": "^0.0.3",
						"immutable": "^3.8.2"
					}
				}
			}
		},
		"@framer/edoardo.ios-kit": {
			"version": "1.6.0"
		},
		"@framer/hyfive.feather-ui-fundamentals": {
			"version": "1.22.0"
		},
		"@framer/jacopomoretto.carousel": {
			"version": "1.27.0",
			"requires": {
				"nuka-carousel": "4.3.6"
			}
		},
		"@framer/mapbox.mapbox": {
			"version": "1.3.0",
			"requires": {
				"immer": "^2.1.0",
				"react-map-gl": "^4.0.12",
				"react-map-gl-geocoder": "^1.7.0"
			}
		},
		"@framer/nochevolta.bottomsheet": {
			"version": "1.14.0"
		},
		"@mapbox/geojson-area": {
			"version": "0.2.2",
			"resolved": "https://registry.npmjs.org/@mapbox/geojson-area/-/geojson-area-0.2.2.tgz",
			"integrity": "sha1-GNeBSqNr8j+7zDefjiaiKSfevxA=",
			"requires": {
				"wgs84": "0.0.0"
			}
		},
		"@mapbox/geojson-rewind": {
			"version": "0.4.0",
			"resolved": "https://registry.npmjs.org/@mapbox/geojson-rewind/-/geojson-rewind-0.4.0.tgz",
			"integrity": "sha512-b+1uPWBERW4Pet/969BNu61ZPDyH2ilIxBjJDFzxyS9TyszF9UrTQyYIl/G38clux3rtpAGGFSGTCSF/qR6UjA==",
			"requires": {
				"@mapbox/geojson-area": "0.2.2",
				"concat-stream": "~1.6.0",
				"minimist": "1.2.0",
				"sharkdown": "^0.1.0"
			},
			"dependencies": {
				"minimist": {
					"version": "1.2.0",
					"resolved": "https://registry.npmjs.org/minimist/-/minimist-1.2.0.tgz",
					"integrity": "sha1-o1AIsg9BOD7sH7kU9M1d95omQoQ="
				}
			}
		},
		"@mapbox/geojson-types": {
			"version": "1.0.2",
			"resolved": "https://registry.npmjs.org/@mapbox/geojson-types/-/geojson-types-1.0.2.tgz",
			"integrity": "sha512-e9EBqHHv3EORHrSfbR9DqecPNn+AmuAoQxV6aL8Xu30bJMJR1o8PZLZzpk1Wq7/NfCbuhmakHTPYRhoqLsXRnw=="
		},
		"@mapbox/jsonlint-lines-primitives": {
			"version": "2.0.2",
			"resolved": "https://registry.npmjs.org/@mapbox/jsonlint-lines-primitives/-/jsonlint-lines-primitives-2.0.2.tgz",
			"integrity": "sha1-zlblOfg1UrWNENZy6k1vya3HsjQ="
		},
		"@mapbox/mapbox-gl-geocoder": {
			"version": "2.3.0",
			"resolved": "https://registry.npmjs.org/@mapbox/mapbox-gl-geocoder/-/mapbox-gl-geocoder-2.3.0.tgz",
			"integrity": "sha512-WWM2eDTjly/ELMBVbeDvlVvALYw5V/Fv6/R3thKpt7G8qf3a+f1ZBg8Zd6WyWMgXD+8Fam35xwrqdPKmoMEvbQ==",
			"requires": {
				"lodash.debounce": "^4.0.6",
				"mapbox": "1.0.0-beta9",
				"suggestions": "^1.3.2",
				"xtend": "^4.0.1"
			}
		},
		"@mapbox/mapbox-gl-supported": {
			"version": "1.4.1",
			"resolved": "https://registry.npmjs.org/@mapbox/mapbox-gl-supported/-/mapbox-gl-supported-1.4.1.tgz",
			"integrity": "sha512-yyKza9S6z3ELKuf6w5n6VNUB0Osu6Z93RXPfMHLIlNWohu3KqxewLOq4lMXseYJ92GwkRAxd207Pr/Z98cwmvw=="
		},
		"@mapbox/point-geometry": {
			"version": "0.1.0",
			"resolved": "https://registry.npmjs.org/@mapbox/point-geometry/-/point-geometry-0.1.0.tgz",
			"integrity": "sha1-ioP5M1x4YO/6Lu7KJUMyqgru2PI="
		},
		"@mapbox/tiny-sdf": {
			"version": "1.1.1",
			"resolved": "https://registry.npmjs.org/@mapbox/tiny-sdf/-/tiny-sdf-1.1.1.tgz",
			"integrity": "sha512-Ihn1nZcGIswJ5XGbgFAvVumOgWpvIjBX9jiRlIl46uQG9vJOF51ViBYHF95rEZupuyQbEmhLaDPLQlU7fUTsBg=="
		},
		"@mapbox/unitbezier": {
			"version": "0.0.0",
			"resolved": "https://registry.npmjs.org/@mapbox/unitbezier/-/unitbezier-0.0.0.tgz",
			"integrity": "sha1-FWUb1VOme4WB+zmIEMmK2Go0Uk4="
		},
		"@mapbox/vector-tile": {
			"version": "1.3.1",
			"resolved": "https://registry.npmjs.org/@mapbox/vector-tile/-/vector-tile-1.3.1.tgz",
			"integrity": "sha512-MCEddb8u44/xfQ3oD+Srl/tNcQoqTw3goGk2oLsrFxOTc3dUp+kAnby3PvAeeBYSMSjSPD1nd1AJA6W49WnoUw==",
			"requires": {
				"@mapbox/point-geometry": "~0.1.0"
			}
		},
		"@mapbox/whoots-js": {
			"version": "3.1.0",
			"resolved": "https://registry.npmjs.org/@mapbox/whoots-js/-/whoots-js-3.1.0.tgz",
			"integrity": "sha512-Es6WcD0nO5l+2BOQS4uLfNPYQaNDfbot3X1XUoloz+x0mPDS3eeORZJl06HXjwBG1fOGwCRnzK88LMdxKRrd6Q=="
		},
		"@types/prop-types": {
			"version": "15.7.1",
			"resolved": "https://registry.npmjs.org/@types/prop-types/-/prop-types-15.7.1.tgz",
			"integrity": "sha512-CFzn9idOEpHrgdw8JsoTkaDDyRWk1jrzIV8djzcgpq0y9tG4B4lFT+Nxh52DVpDXV+n4+NPNv7M1Dj5uMp6XFg==",
			"dev": true
		},
		"@types/react": {
			"version": "16.8.4",
			"dev": true,
			"requires": {
				"@types/prop-types": "*",
				"csstype": "^2.2.0"
			}
		},
		"ansicolors": {
			"version": "0.2.1",
			"resolved": "https://registry.npmjs.org/ansicolors/-/ansicolors-0.2.1.tgz",
			"integrity": "sha1-vgiVmQl7dKXJxKhKDNvNtivYeu8="
		},
		"asap": {
			"version": "2.0.6",
			"resolved": "https://registry.npmjs.org/asap/-/asap-2.0.6.tgz",
			"integrity": "sha1-5QNHYR1+aQlDIIu9r+vLwvuGbUY="
		},
		"buffer-from": {
			"version": "1.1.1",
			"resolved": "https://registry.npmjs.org/buffer-from/-/buffer-from-1.1.1.tgz",
			"integrity": "sha512-MQcXEUbCKtEo7bhqEs6560Hyd4XaovZlO/k9V3hjVUF/zwW7KBVdSK4gIt/bzwS9MbR5qob+F5jusZsb0YQK2A=="
		},
		"cardinal": {
			"version": "0.4.4",
			"resolved": "https://registry.npmjs.org/cardinal/-/cardinal-0.4.4.tgz",
			"integrity": "sha1-ylu2iltRG5D+k7ms6km97lwyv+I=",
			"requires": {
				"ansicolors": "~0.2.1",
				"redeyed": "~0.4.0"
			}
		},
		"concat-stream": {
			"version": "1.6.2",
			"resolved": "https://registry.npmjs.org/concat-stream/-/concat-stream-1.6.2.tgz",
			"integrity": "sha512-27HBghJxjiZtIk3Ycvn/4kbJk/1uZuJFfuPEns6LaEvpvG1f0hTea8lilrouyo9mVc2GWdcEZ8OLoGmSADlrCw==",
			"requires": {
				"buffer-from": "^1.0.0",
				"inherits": "^2.0.3",
				"readable-stream": "^2.2.2",
				"typedarray": "^0.0.6"
			}
		},
		"core-js": {
			"version": "1.2.7",
			"resolved": "https://registry.npmjs.org/core-js/-/core-js-1.2.7.tgz",
			"integrity": "sha1-ZSKUwUZR2yj6k70tX/KYOk8IxjY="
		},
		"core-util-is": {
			"version": "1.0.2",
			"resolved": "https://registry.npmjs.org/core-util-is/-/core-util-is-1.0.2.tgz",
			"integrity": "sha1-tf1UIgqivFq1eqtxQMlAdUUDwac="
		},
		"csscolorparser": {
			"version": "1.0.3",
			"resolved": "https://registry.npmjs.org/csscolorparser/-/csscolorparser-1.0.3.tgz",
			"integrity": "sha1-s085HupNqPPpgjHizNjfnAQfFxs="
		},
		"csstype": {
			"version": "2.6.6",
			"resolved": "https://registry.npmjs.org/csstype/-/csstype-2.6.6.tgz",
			"integrity": "sha512-RpFbQGUE74iyPgvr46U9t1xoQBM8T4BL8SxrN66Le2xYAPSaDJJKeztV3awugusb3g3G9iL8StmkBBXhcbbXhg==",
			"dev": true
		},
		"d3-color": {
			"version": "1.3.0",
			"resolved": "https://registry.npmjs.org/d3-color/-/d3-color-1.3.0.tgz",
			"integrity": "sha512-NHODMBlj59xPAwl2BDiO2Mog6V+PrGRtBfWKqKRrs9MCqlSkIEb0Z/SfY7jW29ReHTDC/j+vwXhnZcXI3+3fbg=="
		},
		"d3-ease": {
			"version": "1.0.5",
			"resolved": "https://registry.npmjs.org/d3-ease/-/d3-ease-1.0.5.tgz",
			"integrity": "sha512-Ct1O//ly5y5lFM9YTdu+ygq7LleSgSE4oj7vUt9tPLHUi8VCV7QoizGpdWRWAwCO9LdYzIrQDg97+hGVdsSGPQ=="
		},
		"d3-interpolate": {
			"version": "1.3.2",
			"resolved": "https://registry.npmjs.org/d3-interpolate/-/d3-interpolate-1.3.2.tgz",
			"integrity": "sha512-NlNKGopqaz9qM1PXh9gBF1KSCVh+jSFErrSlD/4hybwoNX/gt1d8CDbDW+3i+5UOHhjC6s6nMvRxcuoMVNgL2w==",
			"requires": {
				"d3-color": "1"
			}
		},
		"d3-timer": {
			"version": "1.0.9",
			"resolved": "https://registry.npmjs.org/d3-timer/-/d3-timer-1.0.9.tgz",
			"integrity": "sha512-rT34J5HnQUHhcLvhSB9GjCkN0Ddd5Y8nCwDBG2u6wQEeYxT/Lf51fTFFkldeib/sE/J0clIe0pnCfs6g/lRbyg=="
		},
		"draft-js": {
			"version": "0.10.4",
			"resolved": "https://registry.npmjs.org/draft-js/-/draft-js-0.10.4.tgz",
			"integrity": "sha1-FHdBZCCXyBINjtwjLpUD6Lf7jTU=",
			"requires": {
				"fbjs": "^0.8.15",
				"immutable": "~3.7.4",
				"object-assign": "^4.1.0"
			},
			"dependencies": {
				"immutable": {
					"version": "3.7.6",
					"resolved": "https://registry.npmjs.org/immutable/-/immutable-3.7.6.tgz",
					"integrity": "sha1-E7TTyxK++hVIKib+Gy665kAHHks="
				}
			}
		},
		"earcut": {
			"version": "2.1.5",
			"resolved": "https://registry.npmjs.org/earcut/-/earcut-2.1.5.tgz",
			"integrity": "sha512-QFWC7ywTVLtvRAJTVp8ugsuuGQ5mVqNmJ1cRYeLrSHgP3nycr2RHTJob9OtM0v8ujuoKN0NY1a93J/omeTL1PA=="
		},
		"encoding": {
			"version": "0.1.12",
			"resolved": "https://registry.npmjs.org/encoding/-/encoding-0.1.12.tgz",
			"integrity": "sha1-U4tm8+5izRq1HsMjgp0flIDHS+s=",
			"requires": {
				"iconv-lite": "~0.4.13"
			}
		},
		"es6-promise": {
			"version": "4.2.8",
			"resolved": "https://registry.npmjs.org/es6-promise/-/es6-promise-4.2.8.tgz",
			"integrity": "sha512-HJDGx5daxeIvxdBxvG2cb9g4tEvwIk3i8+nhX0yGrYmZUzbkdg8QbDevheDB8gd0//uPj4c1EQua8Q+MViT0/w=="
		},
		"esm": {
			"version": "3.0.84",
			"resolved": "https://registry.npmjs.org/esm/-/esm-3.0.84.tgz",
			"integrity": "sha512-SzSGoZc17S7P+12R9cg21Bdb7eybX25RnIeRZ80xZs+VZ3kdQKzqTp2k4hZJjR7p9l0186TTXSgrxzlMDBktlw=="
		},
		"esprima": {
			"version": "1.0.4",
			"resolved": "https://registry.npmjs.org/esprima/-/esprima-1.0.4.tgz",
			"integrity": "sha1-n1V+CPw7TSbs6d00+Pv0drYlha0="
		},
		"eventemitter3": {
			"version": "3.1.2",
			"resolved": "https://registry.npmjs.org/eventemitter3/-/eventemitter3-3.1.2.tgz",
			"integrity": "sha512-tvtQIeLVHjDkJYnzf2dgVMxfuSGJeM/7UCG17TT4EumTfNtF+0nebF/4zWOIkCreAbtNqhGEboB6BWrwqNaw4Q=="
		},
		"exenv": {
			"version": "1.2.2",
			"resolved": "https://registry.npmjs.org/exenv/-/exenv-1.2.2.tgz",
			"integrity": "sha1-KueOhdmJQVhnCwPUe+wfA72Ru50="
		},
		"fbjs": {
			"version": "0.8.17",
			"resolved": "https://registry.npmjs.org/fbjs/-/fbjs-0.8.17.tgz",
			"integrity": "sha1-xNWY6taUkRJlPWWIsBpc3Nn5D90=",
			"requires": {
				"core-js": "^1.0.0",
				"isomorphic-fetch": "^2.1.1",
				"loose-envify": "^1.0.0",
				"object-assign": "^4.1.0",
				"promise": "^7.1.1",
				"setimmediate": "^1.0.5",
				"ua-parser-js": "^0.7.18"
			}
		},
		"fuzzy": {
			"version": "0.1.3",
			"resolved": "https://registry.npmjs.org/fuzzy/-/fuzzy-0.1.3.tgz",
			"integrity": "sha1-THbsL/CsGjap3M+aAN+GIweNTtg="
		},
		"geojson-vt": {
			"version": "3.2.1",
			"resolved": "https://registry.npmjs.org/geojson-vt/-/geojson-vt-3.2.1.tgz",
			"integrity": "sha512-EvGQQi/zPrDA6zr6BnJD/YhwAkBP8nnJ9emh3EnHQKVMfg/MRVtPbMYdgVy/IaEmn4UfagD2a6fafPDL5hbtwg=="
		},
		"gl-matrix": {
			"version": "3.0.0",
			"resolved": "https://registry.npmjs.org/gl-matrix/-/gl-matrix-3.0.0.tgz",
			"integrity": "sha512-PD4mVH/C/Zs64kOozeFnKY8ybhgwxXXQYGWdB4h68krAHknWJgk9uKOn6z8YElh5//vs++90pb6csrTIDWnexA=="
		},
		"grid-index": {
			"version": "1.1.0",
			"resolved": "https://registry.npmjs.org/grid-index/-/grid-index-1.1.0.tgz",
			"integrity": "sha512-HZRwumpOGUrHyxO5bqKZL0B0GlUpwtCAzZ42sgxUPniu33R1LSFH5yrIcBCHjkctCAh3mtWKcKd9J4vDDdeVHA=="
		},
		"hammerjs": {
			"version": "2.0.8",
			"resolved": "https://registry.npmjs.org/hammerjs/-/hammerjs-2.0.8.tgz",
			"integrity": "sha1-BO93hiz/K7edMPdpIJWTAiK/YPE="
		},
		"hsluv": {
			"version": "0.0.3",
			"resolved": "https://registry.npmjs.org/hsluv/-/hsluv-0.0.3.tgz",
			"integrity": "sha1-gpEH2vtKn4tSoYCe0C4JHq3mdUw="
		},
		"iconv-lite": {
			"version": "0.4.24",
			"resolved": "https://registry.npmjs.org/iconv-lite/-/iconv-lite-0.4.24.tgz",
			"integrity": "sha512-v3MXnZAcvnywkTUEZomIActle7RXXeedOR31wwl7VlyoXO4Qi9arvSenNQWne1TcRwhCL1HwLI21bEqdpj8/rA==",
			"requires": {
				"safer-buffer": ">= 2.1.2 < 3"
			}
		},
		"ieee754": {
			"version": "1.1.13",
			"resolved": "https://registry.npmjs.org/ieee754/-/ieee754-1.1.13.tgz",
			"integrity": "sha512-4vf7I2LYV/HaWerSo3XmlMkp5eZ83i+/CDluXi/IGTs/O1sejBNhTtnxzmRZfvOUqj7lZjqHkeTvpgSFDlWZTg=="
		},
		"immer": {
			"version": "2.1.5",
			"resolved": "https://registry.npmjs.org/immer/-/immer-2.1.5.tgz",
			"integrity": "sha512-xyjQyTBYIeiz6jd02Hg12jV+9QISwF1crLcwTlzHpWH4e0ryNWj1kacpTwimK3bJV5NKKXw458G2vpqoB/inFA=="
		},
		"immutable": {
			"version": "3.8.2",
			"resolved": "https://registry.npmjs.org/immutable/-/immutable-3.8.2.tgz",
			"integrity": "sha1-wkOZUUVbs5kT2vKBN28VMOEErfM="
		},
		"inherits": {
			"version": "2.0.4",
			"resolved": "https://registry.npmjs.org/inherits/-/inherits-2.0.4.tgz",
			"integrity": "sha512-k/vGaX4/Yla3WzyMCvTQOXYeIHvqOKtnqBduzTHpzpQZzAskKMhZ2K+EnBiSM9zGSoIFeMpXKxa4dYeZIQqewQ=="
		},
		"is-stream": {
			"version": "1.1.0",
			"resolved": "https://registry.npmjs.org/is-stream/-/is-stream-1.1.0.tgz",
			"integrity": "sha1-EtSj3U5o4Lec6428hBc66A2RykQ="
		},
		"isarray": {
			"version": "1.0.0",
			"resolved": "https://registry.npmjs.org/isarray/-/isarray-1.0.0.tgz",
			"integrity": "sha1-u5NdSFgsuhaMBoNJV6VKPgcSTxE="
		},
		"isomorphic-fetch": {
			"version": "2.2.1",
			"resolved": "https://registry.npmjs.org/isomorphic-fetch/-/isomorphic-fetch-2.2.1.tgz",
			"integrity": "sha1-YRrhrPFPXoH3KVB0coGf6XM1WKk=",
			"requires": {
				"node-fetch": "^1.0.1",
				"whatwg-fetch": ">=0.10.0"
			}
		},
		"js-tokens": {
			"version": "4.0.0",
			"resolved": "https://registry.npmjs.org/js-tokens/-/js-tokens-4.0.0.tgz",
			"integrity": "sha512-RdJUflcE3cUzKiMqQgsCu06FPu9UdIJO0beYbPhHN4k6apgJtifcoCtT9bcxOpYBtpD2kCM6Sbzg4CausW/PKQ=="
		},
		"kdbush": {
			"version": "3.0.0",
			"resolved": "https://registry.npmjs.org/kdbush/-/kdbush-3.0.0.tgz",
			"integrity": "sha512-hRkd6/XW4HTsA9vjVpY9tuXJYLSlelnkTmVFu4M9/7MIYQtFcHpbugAU7UbOfjOiVSVYl2fqgBuJ32JUmRo5Ew=="
		},
		"lodash.debounce": {
			"version": "4.0.8",
			"resolved": "https://registry.npmjs.org/lodash.debounce/-/lodash.debounce-4.0.8.tgz",
			"integrity": "sha1-gteb/zCmfEAF/9XiUVMArZyk168="
		},
		"loose-envify": {
			"version": "1.4.0",
			"resolved": "https://registry.npmjs.org/loose-envify/-/loose-envify-1.4.0.tgz",
			"integrity": "sha512-lyuxPGr/Wfhrlem2CL/UcnUc1zcqKAImBDzukY7Y5F/yQiNdko6+fRLevlw1HgMySw7f611UIY408EtxRSoK3Q==",
			"requires": {
				"js-tokens": "^3.0.0 || ^4.0.0"
			}
		},
		"mapbox": {
			"version": "1.0.0-beta9",
			"resolved": "https://registry.npmjs.org/mapbox/-/mapbox-1.0.0-beta9.tgz",
			"integrity": "sha1-WAu6zZmQu+EPL3Kf9AMaO4mNJ6Q=",
			"requires": {
				"es6-promise": "^4.0.5",
				"rest": "^2.0.0"
			}
		},
		"mapbox-gl": {
			"version": "0.54.1",
			"resolved": "https://registry.npmjs.org/mapbox-gl/-/mapbox-gl-0.54.1.tgz",
			"integrity": "sha512-HtY+HobYTHTsFOJ3buTHtNvZv/Tjfp0vararhEWCjI7wQq8XxK16sEpsXucokrAhuu94js4KJylo13bKJx6l0Q==",
			"requires": {
				"@mapbox/geojson-rewind": "^0.4.0",
				"@mapbox/geojson-types": "^1.0.2",
				"@mapbox/jsonlint-lines-primitives": "^2.0.2",
				"@mapbox/mapbox-gl-supported": "^1.4.0",
				"@mapbox/point-geometry": "^0.1.0",
				"@mapbox/tiny-sdf": "^1.1.0",
				"@mapbox/unitbezier": "^0.0.0",
				"@mapbox/vector-tile": "^1.3.1",
				"@mapbox/whoots-js": "^3.1.0",
				"csscolorparser": "~1.0.2",
				"earcut": "^2.1.5",
				"esm": "~3.0.84",
				"geojson-vt": "^3.2.1",
				"gl-matrix": "^3.0.0",
				"grid-index": "^1.1.0",
				"minimist": "0.0.8",
				"murmurhash-js": "^1.0.0",
				"pbf": "^3.0.5",
				"potpack": "^1.0.1",
				"quickselect": "^2.0.0",
				"rw": "^1.3.3",
				"supercluster": "^6.0.1",
				"tinyqueue": "^2.0.0",
				"vt-pbf": "^3.1.1"
			}
		},
		"minimist": {
			"version": "0.0.8",
			"resolved": "https://registry.npmjs.org/minimist/-/minimist-0.0.8.tgz",
			"integrity": "sha1-hX/Kv8M5fSYluCKCYuhqp6ARsF0="
		},
		"mjolnir.js": {
			"version": "2.2.1",
			"resolved": "https://registry.npmjs.org/mjolnir.js/-/mjolnir.js-2.2.1.tgz",
			"integrity": "sha512-bUTP/NbwOfdrN4TKMjUcarfGmWU5yN6aHFR1ek7BNuFOwHk4PslUZjKzdOp1jwx2m0uCoRa5lG+x82l8Vii7Ng==",
			"requires": {
				"@babel/runtime": "^7.0.0",
				"hammerjs": "^2.0.8"
			}
		},
		"murmurhash-js": {
			"version": "1.0.0",
			"resolved": "https://registry.npmjs.org/murmurhash-js/-/murmurhash-js-1.0.0.tgz",
			"integrity": "sha1-sGJ44h/Gw3+lMTcysEEry2rhX1E="
		},
		"node-fetch": {
			"version": "1.7.3",
			"resolved": "https://registry.npmjs.org/node-fetch/-/node-fetch-1.7.3.tgz",
			"integrity": "sha512-NhZ4CsKx7cYm2vSrBAr2PvFOe6sWDf0UYLRqA6svUYg7+/TSfVAu49jYC4BvQ4Sms9SZgdqGBgroqfDhJdTyKQ==",
			"requires": {
				"encoding": "^0.1.11",
				"is-stream": "^1.0.1"
			}
		},
		"nuka-carousel": {
			"version": "4.3.6",
			"resolved": "https://registry.npmjs.org/nuka-carousel/-/nuka-carousel-4.3.6.tgz",
			"integrity": "sha512-qFmU296MKXqZA55hIL1Ta31gMTr9m6NokF+sVpg5zxfdBgDzyxOL87xJ4DzVXrW9wGIPrkINGSyZjv5l1xelEA==",
			"requires": {
				"d3-ease": "^1.0.3",
				"exenv": "^1.2.0",
				"prop-types": "^15.6.0",
				"react-move": "^2.7.0"
			}
		},
		"object-assign": {
			"version": "4.1.1",
			"resolved": "https://registry.npmjs.org/object-assign/-/object-assign-4.1.1.tgz",
			"integrity": "sha1-IQmtx5ZYh8/AXLvUQsrIv7s2CGM="
		},
		"pbf": {
			"version": "3.2.0",
			"resolved": "https://registry.npmjs.org/pbf/-/pbf-3.2.0.tgz",
			"integrity": "sha512-98Eh7rsJNJF/Im6XYMLaOW3cLnNyedlOd6hu3iWMD5I7FZGgpw8yN3vQBrmLbLodu7G784Irb9Qsv2yFrxSAGw==",
			"requires": {
				"ieee754": "^1.1.12",
				"resolve-protobuf-schema": "^2.1.0"
			}
		},
		"potpack": {
			"version": "1.0.1",
			"resolved": "https://registry.npmjs.org/potpack/-/potpack-1.0.1.tgz",
			"integrity": "sha512-15vItUAbViaYrmaB/Pbw7z6qX2xENbFSTA7Ii4tgbPtasxm5v6ryKhKtL91tpWovDJzTiZqdwzhcFBCwiMVdVw=="
		},
		"process-nextick-args": {
			"version": "2.0.1",
			"resolved": "https://registry.npmjs.org/process-nextick-args/-/process-nextick-args-2.0.1.tgz",
			"integrity": "sha512-3ouUOpQhtgrbOa17J7+uxOTpITYWaGP7/AhoR3+A+/1e9skrzelGi/dXzEYyvbxubEF6Wn2ypscTKiKJFFn1ag=="
		},
		"promise": {
			"version": "7.3.1",
			"resolved": "https://registry.npmjs.org/promise/-/promise-7.3.1.tgz",
			"integrity": "sha512-nolQXZ/4L+bP/UGlkfaIujX9BKxGwmQ9OT4mOt5yvy8iK1h3wqTEJCijzGANTCCl9nWjY41juyAn2K3Q1hLLTg==",
			"requires": {
				"asap": "~2.0.3"
			}
		},
		"prop-types": {
			"version": "15.7.2",
			"resolved": "https://registry.npmjs.org/prop-types/-/prop-types-15.7.2.tgz",
			"integrity": "sha512-8QQikdH7//R2vurIJSutZ1smHYTcLpRWEOlHnzcWHmBYrOGUysKwSsrC89BCiFj3CbrfJ/nXFdJepOVrY1GCHQ==",
			"requires": {
				"loose-envify": "^1.4.0",
				"object-assign": "^4.1.1",
				"react-is": "^16.8.1"
			}
		},
		"protocol-buffers-schema": {
			"version": "3.3.2",
			"resolved": "https://registry.npmjs.org/protocol-buffers-schema/-/protocol-buffers-schema-3.3.2.tgz",
			"integrity": "sha512-Xdayp8sB/mU+sUV4G7ws8xtYMGdQnxbeIfLjyO9TZZRJdztBGhlmbI5x1qcY4TG5hBkIKGnc28i7nXxaugu88w=="
		},
		"quickselect": {
			"version": "2.0.0",
			"resolved": "https://registry.npmjs.org/quickselect/-/quickselect-2.0.0.tgz",
			"integrity": "sha512-RKJ22hX8mHe3Y6wH/N3wCM6BWtjaxIyyUIkpHOvfFnxdI4yD4tBXEBKSbriGujF6jnSVkJrffuo6vxACiSSxIw=="
		},
		"react": {
			"version": "16.8.6",
			"resolved": "https://registry.npmjs.org/react/-/react-16.8.6.tgz",
			"integrity": "sha512-pC0uMkhLaHm11ZSJULfOBqV4tIZkx87ZLvbbQYunNixAAvjnC+snJCg0XQXn9VIsttVsbZP/H/ewzgsd5fxKXw==",
			"requires": {
				"loose-envify": "^1.1.0",
				"object-assign": "^4.1.1",
				"prop-types": "^15.6.2",
				"scheduler": "^0.13.6"
			}
		},
		"react-dom": {
			"version": "16.8.6",
			"resolved": "https://registry.npmjs.org/react-dom/-/react-dom-16.8.6.tgz",
			"integrity": "sha512-1nL7PIq9LTL3fthPqwkvr2zY7phIPjYrT0jp4HjyEQrEROnw4dG41VVwi/wfoCneoleqrNX7iAD+pXebJZwrwA==",
			"requires": {
				"loose-envify": "^1.1.0",
				"object-assign": "^4.1.1",
				"prop-types": "^15.6.2",
				"scheduler": "^0.13.6"
			}
		},
		"react-iframe": {
			"version": "1.8.0",
			"resolved": "https://registry.npmjs.org/react-iframe/-/react-iframe-1.8.0.tgz",
			"integrity": "sha512-NYi89+rEqREwQxW9sDf+akh6/dtwWd3bOjByoVEIQ7SicOxVawRMer3pLdWjFaHXpuxTB9NqobPf/Ohj2iAKkg==",
			"requires": {
				"object-assign": "^4.1.1"
			}
		},
		"react-is": {
			"version": "16.8.6",
			"resolved": "https://registry.npmjs.org/react-is/-/react-is-16.8.6.tgz",
			"integrity": "sha512-aUk3bHfZ2bRSVFFbbeVS4i+lNPZr3/WM5jT2J5omUVV1zzcs1nAaf3l51ctA5FFvCRbhrH0bdAsRRQddFJZPtA=="
		},
		"react-lifecycles-compat": {
			"version": "3.0.4",
			"resolved": "https://registry.npmjs.org/react-lifecycles-compat/-/react-lifecycles-compat-3.0.4.tgz",
			"integrity": "sha512-fBASbA6LnOU9dOU2eW7aQ8xmYBSXUIWr+UmF9b1efZBazGNO+rcXT/icdKnYm2pTwcRylVUYwW7H1PHfLekVzA=="
		},
		"react-map-gl": {
			"version": "4.1.10",
			"resolved": "https://registry.npmjs.org/react-map-gl/-/react-map-gl-4.1.10.tgz",
			"integrity": "sha512-jfzguGVpVG1zyfNh2GipmKoTvu2pkAYrBquTJNjcdqT72Z0Qgo+RVpWMG6ZYZ7KUGk7x8918jw7MWGYLLdImxw==",
			"requires": {
				"@babel/runtime": "^7.0.0",
				"mapbox-gl": "~0.54.0",
				"mjolnir.js": "^2.1.2",
				"prop-types": "^15.7.2",
				"react-virtualized-auto-sizer": "^1.0.2",
				"viewport-mercator-project": "^6.1.0"
			}
		},
		"react-map-gl-geocoder": {
			"version": "1.8.1",
			"resolved": "https://registry.npmjs.org/react-map-gl-geocoder/-/react-map-gl-geocoder-1.8.1.tgz",
			"integrity": "sha512-/VLO4fIecLcBriewDV7iOw5TnzvnpClZuML7jIjyyEHg4Brn3B97rAWnrrekqEh1lFdgy5hDLJ4UOKZDcjh2xg==",
			"requires": {
				"@mapbox/mapbox-gl-geocoder": "^2.3.0",
				"prop-types": "^15.6.2",
				"viewport-mercator-project": "6.1.1"
			}
		},
		"react-move": {
			"version": "2.9.1",
			"resolved": "https://registry.npmjs.org/react-move/-/react-move-2.9.1.tgz",
			"integrity": "sha512-5qKYsJrKKpSypEaaYyR2HBbBgX65htRqKDa8o5OGDkq2VfklmTCbLawtYFpdmcJRqbz4jCYpzo2Rrsazq9HA8Q==",
			"requires": {
				"@babel/runtime": "^7.2.0",
				"d3-interpolate": "^1.3.2",
				"d3-timer": "^1.0.9",
				"prop-types": "^15.6.2",
				"react-lifecycles-compat": "^3.0.4"
			}
		},
		"react-virtualized-auto-sizer": {
			"version": "1.0.2",
			"resolved": "https://registry.npmjs.org/react-virtualized-auto-sizer/-/react-virtualized-auto-sizer-1.0.2.tgz",
			"integrity": "sha512-MYXhTY1BZpdJFjUovvYHVBmkq79szK/k7V3MO+36gJkWGkrXKtyr4vCPtpphaTLRAdDNoYEYFZWE8LjN+PIHNg=="
		},
		"readable-stream": {
			"version": "2.3.6",
			"resolved": "https://registry.npmjs.org/readable-stream/-/readable-stream-2.3.6.tgz",
			"integrity": "sha512-tQtKA9WIAhBF3+VLAseyMqZeBjW0AHJoxOtYqSUZNJxauErmLbVm2FW1y+J/YA9dUrAC39ITejlZWhVIwawkKw==",
			"requires": {
				"core-util-is": "~1.0.0",
				"inherits": "~2.0.3",
				"isarray": "~1.0.0",
				"process-nextick-args": "~2.0.0",
				"safe-buffer": "~5.1.1",
				"string_decoder": "~1.1.1",
				"util-deprecate": "~1.0.1"
			}
		},
		"redeyed": {
			"version": "0.4.4",
			"resolved": "https://registry.npmjs.org/redeyed/-/redeyed-0.4.4.tgz",
			"integrity": "sha1-N+mQpvKyGyoRwuakj9QTVpjLqX8=",
			"requires": {
				"esprima": "~1.0.4"
			}
		},
		"regenerator-runtime": {
			"version": "0.13.3",
			"resolved": "https://registry.npmjs.org/regenerator-runtime/-/regenerator-runtime-0.13.3.tgz",
			"integrity": "sha512-naKIZz2GQ8JWh///G7L3X6LaQUAMp2lvb1rvwwsURe/VXwD6VMfr+/1NuNw3ag8v2kY1aQ/go5SNn79O9JU7yw=="
		},
		"resolve-protobuf-schema": {
			"version": "2.1.0",
			"resolved": "https://registry.npmjs.org/resolve-protobuf-schema/-/resolve-protobuf-schema-2.1.0.tgz",
			"integrity": "sha512-kI5ffTiZWmJaS/huM8wZfEMer1eRd7oJQhDuxeCLe3t7N7mX3z94CN0xPxBQxFYQTSNz9T0i+v6inKqSdK8xrQ==",
			"requires": {
				"protocol-buffers-schema": "^3.3.1"
			}
		},
		"rest": {
			"version": "2.0.0",
			"resolved": "https://registry.npmjs.org/rest/-/rest-2.0.0.tgz",
			"integrity": "sha1-bfrfZqQFxJz71bS9JbWf0pzYYbw="
		},
		"rw": {
			"version": "1.3.3",
			"resolved": "https://registry.npmjs.org/rw/-/rw-1.3.3.tgz",
			"integrity": "sha1-P4Yt+pGrdmsUiF700BEkv9oHT7Q="
		},
		"safe-buffer": {
			"version": "5.1.2",
			"resolved": "https://registry.npmjs.org/safe-buffer/-/safe-buffer-5.1.2.tgz",
			"integrity": "sha512-Gd2UZBJDkXlY7GbJxfsE8/nvKkUEU1G38c1siN6QP6a9PT9MmHB8GnpscSmMJSoF8LOIrt8ud/wPtojys4G6+g=="
		},
		"safer-buffer": {
			"version": "2.1.2",
			"resolved": "https://registry.npmjs.org/safer-buffer/-/safer-buffer-2.1.2.tgz",
			"integrity": "sha512-YZo3K82SD7Riyi0E1EQPojLz7kpepnSQI9IyPbHHg1XXXevb5dJI7tpyN2ADxGcQbHG7vcyRHk0cbwqcQriUtg=="
		},
		"scheduler": {
			"version": "0.13.6",
			"resolved": "https://registry.npmjs.org/scheduler/-/scheduler-0.13.6.tgz",
			"integrity": "sha512-IWnObHt413ucAYKsD9J1QShUKkbKLQQHdxRyw73sw4FN26iWr3DY/H34xGPe4nmL1DwXyWmSWmMrA9TfQbE/XQ==",
			"requires": {
				"loose-envify": "^1.1.0",
				"object-assign": "^4.1.1"
			}
		},
		"setimmediate": {
			"version": "1.0.5",
			"resolved": "https://registry.npmjs.org/setimmediate/-/setimmediate-1.0.5.tgz",
			"integrity": "sha1-KQy7Iy4waULX1+qbg3Mqt4VvgoU="
		},
		"sharkdown": {
			"version": "0.1.1",
			"resolved": "https://registry.npmjs.org/sharkdown/-/sharkdown-0.1.1.tgz",
			"integrity": "sha512-exwooSpmo5s45lrexgz6Q0rFQM574wYIX3iDZ7RLLqOb7IAoQZu9nxlZODU972g19sR69OIpKP2cpHTzU+PHIg==",
			"requires": {
				"cardinal": "~0.4.2",
				"minimist": "0.0.5",
				"split": "~0.2.10"
			},
			"dependencies": {
				"minimist": {
					"version": "0.0.5",
					"resolved": "https://registry.npmjs.org/minimist/-/minimist-0.0.5.tgz",
					"integrity": "sha1-16oye87PUY+RBqxrjwA/o7zqhWY="
				}
			}
		},
		"split": {
			"version": "0.2.10",
			"resolved": "https://registry.npmjs.org/split/-/split-0.2.10.tgz",
			"integrity": "sha1-Zwl8YB1pfOE2j0GPBs0gHPBSGlc=",
			"requires": {
				"through": "2"
			}
		},
		"string_decoder": {
			"version": "1.1.1",
			"resolved": "https://registry.npmjs.org/string_decoder/-/string_decoder-1.1.1.tgz",
			"integrity": "sha512-n/ShnvDi6FHbbVfviro+WojiFzv+s8MPMHBczVePfUpDJLwoLT0ht1l4YwBCbi8pJAveEEdnkHyPyTP/mzRfwg==",
			"requires": {
				"safe-buffer": "~5.1.0"
			}
		},
		"suggestions": {
			"version": "1.6.0",
			"resolved": "https://registry.npmjs.org/suggestions/-/suggestions-1.6.0.tgz",
			"integrity": "sha512-U0UD0k9qxUm1VcHhoQm7UmBGUNjrHQSIZGnKLvk/a91uAp6zPVujxxuQm0SSq7sExDIAUtoQJvapLeeM6ZGVCg==",
			"requires": {
				"fuzzy": "^0.1.1",
				"xtend": "^4.0.0"
			}
		},
		"supercluster": {
			"version": "6.0.2",
			"resolved": "https://registry.npmjs.org/supercluster/-/supercluster-6.0.2.tgz",
			"integrity": "sha512-aa0v2HURjBTOpbcknilcfxGDuArM8khklKSmZ/T8ZXL0BuRwb5aRw95lz+2bmWpFvCXDX/+FzqHxmg0TIaJErw==",
			"requires": {
				"kdbush": "^3.0.0"
			}
		},
		"through": {
			"version": "2.3.8",
			"resolved": "https://registry.npmjs.org/through/-/through-2.3.8.tgz",
			"integrity": "sha1-DdTJ/6q8NXlgsbckEV1+Doai4fU="
		},
		"tinyqueue": {
			"version": "2.0.3",
			"resolved": "https://registry.npmjs.org/tinyqueue/-/tinyqueue-2.0.3.tgz",
			"integrity": "sha512-ppJZNDuKGgxzkHihX8v9v9G5f+18gzaTfrukGrq6ueg0lmH4nqVnA2IPG0AEH3jKEk2GRJCUhDoqpoiw3PHLBA=="
		},
		"typedarray": {
			"version": "0.0.6",
			"resolved": "https://registry.npmjs.org/typedarray/-/typedarray-0.0.6.tgz",
			"integrity": "sha1-hnrHTjhkGHsdPUfZlqeOxciDB3c="
		},
		"ua-parser-js": {
			"version": "0.7.20",
			"resolved": "https://registry.npmjs.org/ua-parser-js/-/ua-parser-js-0.7.20.tgz",
			"integrity": "sha512-8OaIKfzL5cpx8eCMAhhvTlft8GYF8b2eQr6JkCyVdrgjcytyOmPCXrqXFcUnhonRpLlh5yxEZVohm6mzaowUOw=="
		},
		"util-deprecate": {
			"version": "1.0.2",
			"resolved": "https://registry.npmjs.org/util-deprecate/-/util-deprecate-1.0.2.tgz",
			"integrity": "sha1-RQ1Nyfpw3nMnYvvS1KKJgUGaDM8="
		},
		"viewport-mercator-project": {
			"version": "6.1.1",
			"resolved": "https://registry.npmjs.org/viewport-mercator-project/-/viewport-mercator-project-6.1.1.tgz",
			"integrity": "sha512-nI0GEmXnESwZxWSJuaQkdCnvOv6yckUfqqFbNB8KWVbQY3eUExVM4ZziqCVVs5mNznLjDF1auj6HLW5D5DKcng==",
			"requires": {
				"@babel/runtime": "^7.0.0",
				"gl-matrix": "^3.0.0"
			}
		},
		"vt-pbf": {
			"version": "3.1.1",
			"resolved": "https://registry.npmjs.org/vt-pbf/-/vt-pbf-3.1.1.tgz",
			"integrity": "sha512-pHjWdrIoxurpmTcbfBWXaPwSmtPAHS105253P1qyEfSTV2HJddqjM+kIHquaT/L6lVJIk9ltTGc0IxR/G47hYA==",
			"requires": {
				"@mapbox/point-geometry": "0.1.0",
				"@mapbox/vector-tile": "^1.3.1",
				"pbf": "^3.0.5"
			}
		},
		"wgs84": {
			"version": "0.0.0",
			"resolved": "https://registry.npmjs.org/wgs84/-/wgs84-0.0.0.tgz",
			"integrity": "sha1-NP3FVZF7blfPKigu0ENxDASc3HY="
		},
		"whatwg-fetch": {
			"version": "3.0.0",
			"resolved": "https://registry.npmjs.org/whatwg-fetch/-/whatwg-fetch-3.0.0.tgz",
			"integrity": "sha512-9GSJUgz1D4MfyKU7KRqwOjXCXTqWdFNvEr7eUBYchQiVc744mqK/MzXPNR2WsPkmkOa4ywfg8C2n8h+13Bey1Q=="
		},
		"xtend": {
			"version": "4.0.2",
			"resolved": "https://registry.npmjs.org/xtend/-/xtend-4.0.2.tgz",
			"integrity": "sha512-LKYU1iAXJXUgAXn9URjiu+MWhyUXHsvfp7mcuYm9dSUKK0/CjtrUwFAxD82/mCWbtLsGjFIad0wIsod4zrTAEQ=="
		}
	}
}
